Microsoft Visual Studio Solution File, Format Version 12.00
# Visual Studio Version 17
VisualStudioVersion = 17.1.32210.238
MinimumVisualStudioVersion = 10.0.40219.1
Project("{FAE04EC0-301F-11D3-BF4B-00C04F79EFBC}") = "Compresion", "Compresion\Compresion.csproj", "{9AA7A1C2-4527-4761-AB56-E3599DB3C5B0}"
EndProject
Global
	GlobalSection(SolutionConfigurationPlatforms) = preSolution
		Debug|Any CPU = Debug|Any CPU
		Release|Any CPU = Release|Any CPU
	EndGlobalSection
	GlobalSection(ProjectConfigurationPlatforms) = postSolution
		{9AA7A1C2-4527-4761-AB56-E3599DB3C5B0}.Debug|Any CPU.ActiveCfg = Debug|Any CPU
		{9AA7A1C2-4527-4761-AB56-E3599DB3C5B0}.Debug|Any CPU.Build.0 = Debug|Any CPU
		{9AA7A1C2-4527-4761-AB56-E3599DB3C5B0}.Release|Any CPU.ActiveCfg = Release|Any CPU
		{9AA7A1C2-4527-4761-AB56-E3599DB3C5B0}.Release|Any CPU.Build.0 = Release|Any CPU
	EndGlobalSection
	GlobalSection(SolutionProperties) = preSolution
		HideSolutionNode = FALSE
	EndGlobalSection
	GlobalSection(ExtensibilityGlobals) = postSolution
		SolutionGuid = {FF52B85F-A3FB-4CE9-9FCC-262CA0C1A10B}
	EndGlobalSection
EndGlobal
